<?xml version="1.0" encoding="utf-8"?>
<Project ToolsVersion="4.0" xmlns="http://schemas.microsoft.com/developer/msbuild/2003">
  <ItemGroup>
    <Filter Include="Source Files">
      <UniqueIdentifier>{4FC737F1-C7A5-4376-A066-2A32D752A2FF}</UniqueIdentifier>
      <Extensions>cpp;c;cc;cxx;c++;cppm;ixx;def;odl;idl;hpj;bat;asm;asmx</Extensions>
    </Filter>
    <Filter Include="Header Files">
      <UniqueIdentifier>{93995380-89BD-4b04-88EB-625FBE52EBFB}</UniqueIdentifier>
      <Extensions>h;hh;hpp;hxx;h++;hm;inl;inc;ipp;xsd</Extensions>
    </Filter>
    <Filter Include="Resource Files">
      <UniqueIdentifier>{67DA6AB6-F800-4c08-8B7A-83BB121AAD01}</UniqueIdentifier>
      <Extensions>rc;ico;cur;bmp;dlg;rc2;rct;bin;rgs;gif;jpg;jpeg;jpe;resx;tiff;tif;png;wav;mfcribbon-ms</Extensions>
    </Filter>
  </ItemGroup>
  <ItemGroup>
    <ClInclude Include="bird.h">
      <Filter>Header Files</Filter>
    </ClInclude>
    <ClInclude Include="circle.h">
      <Filter>Header Files</Filter>
    </ClInclude>
    <ClInclude Include="ellipse.h">
      <Filter>Header Files</Filter>
    </ClInclude>
    <ClInclude Include="line.h">
      <Filter>Header Files</Filter>
    </ClInclude>
    <ClInclude Include="pot.h">
      <Filter>Header Files</Filter>
    </ClInclude>
    <ClInclude Include="sector.h">
      <Filter>Header Files</Filter>
    </ClInclude>
    <ClInclude Include="stb_image.h">
      <Filter>Header Files</Filter>
    </ClInclude>
    <ClInclude Include="stone.h">
      <Filter>Header Files</Filter>
    </ClInclude>
    <ClInclude Include="Triangle.h">
      <Filter>Header Files</Filter>
    </ClInclude>
  </ItemGroup>
  <ItemGroup>
    <ClCompile Include="main.cpp">
      <Filter>Source Files</Filter>
    </ClCompile>
  </ItemGroup>
  <ItemGroup>
    <Text Include="..\..\Crow\ART.txt">
      <Filter>Resource Files</Filter>
    </Text>
  </ItemGroup>
  <ItemGroup>
    <Image Include="cloud.jpg">
      <Filter>Resource Files</Filter>
    </Image>
    <Image Include="INTRO.jpg">
      <Filter>Resource Files</Filter>
    </Image>
    <Image Include="s1BG2.jpg">
      <Filter>Resource Files</Filter>
    </Image>
  </ItemGroup>
  <ItemGroup>
    <None Include="INTRO.psd">
      <Filter>Resource Files</Filter>
    </None>
    <None Include="MORAL.psd">
      <Filter>Resource Files</Filter>
    </None>
    <None Include="S1BG.psd">
      <Filter>Resource Files</Filter>
    </None>
    <None Include="s2BG.psd">
      <Filter>Resource Files</Filter>
    </None>
    <None Include="D:\downloadsss\S2BG2.psd">
      <Filter>Resource Files</Filter>
    </None>
    <None Include="BACKGROUND.psd">
      <Filter>Resource Files</Filter>
    </None>
  </ItemGroup>
</Project>